
Microsoft Visual Studio Solution File, Format Version 12.00
# Visual Studio Version 16
VisualStudioVersion = 16.0.30114.105
MinimumVisualStudioVersion = 10.0.40219.1
Project("{FAE04EC0-301F-11D3-BF4B-00C04F79EFBC}") = "Management.Models", "Management.Models\Management.Models.csproj", "{DFB0092E-916F-4679-9859-75FD80D0EDA2}"
EndProject
Project("{FAE04EC0-301F-11D3-BF4B-00C04F79EFBC}") = "Management.Data", "Management.Data\Management.Data.csproj", "{98F91DA8-CC36-4B80-9BEF-ECC1D5C0C1B7}"
EndProject
Project("{FAE04EC0-301F-11D3-BF4B-00C04F79EFBC}") = "Management.BusinessLogic", "Management.BusinessLogic\Management.BusinessLogic.csproj", "{69057641-B935-4CE7-BA12-3FE3B3BD071A}"
EndProject
Project("{FAE04EC0-301F-11D3-BF4B-00C04F79EFBC}") = "Management.MVC", "Management.MVC\Management.MVC.csproj", "{52B1DA8E-BC6F-429E-9810-4D49700D6C53}"
EndProject
Global
	GlobalSection(SolutionConfigurationPlatforms) = preSolution
		Debug|Any CPU = Debug|Any CPU
		Debug|x64 = Debug|x64
		Debug|x86 = Debug|x86
		Release|Any CPU = Release|Any CPU
		Release|x64 = Release|x64
		Release|x86 = Release|x86
	EndGlobalSection
	GlobalSection(SolutionProperties) = preSolution
		HideSolutionNode = FALSE
	EndGlobalSection
	GlobalSection(ProjectConfigurationPlatforms) = postSolution
		{91BE0C8B-BDD5-41E3-A03B-2A664E7873EB}.Debug|Any CPU.ActiveCfg = Debug|Any CPU
		{91BE0C8B-BDD5-41E3-A03B-2A664E7873EB}.Debug|Any CPU.Build.0 = Debug|Any CPU
		{91BE0C8B-BDD5-41E3-A03B-2A664E7873EB}.Debug|x64.ActiveCfg = Debug|Any CPU
		{91BE0C8B-BDD5-41E3-A03B-2A664E7873EB}.Debug|x64.Build.0 = Debug|Any CPU
		{91BE0C8B-BDD5-41E3-A03B-2A664E7873EB}.Debug|x86.ActiveCfg = Debug|Any CPU
		{91BE0C8B-BDD5-41E3-A03B-2A664E7873EB}.Debug|x86.Build.0 = Debug|Any CPU
		{91BE0C8B-BDD5-41E3-A03B-2A664E7873EB}.Release|Any CPU.ActiveCfg = Release|Any CPU
		{91BE0C8B-BDD5-41E3-A03B-2A664E7873EB}.Release|Any CPU.Build.0 = Release|Any CPU
		{91BE0C8B-BDD5-41E3-A03B-2A664E7873EB}.Release|x64.ActiveCfg = Release|Any CPU
		{91BE0C8B-BDD5-41E3-A03B-2A664E7873EB}.Release|x64.Build.0 = Release|Any CPU
		{91BE0C8B-BDD5-41E3-A03B-2A664E7873EB}.Release|x86.ActiveCfg = Release|Any CPU
		{91BE0C8B-BDD5-41E3-A03B-2A664E7873EB}.Release|x86.Build.0 = Release|Any CPU
		{74F4A70E-18F6-42C5-A450-6367C4186DAC}.Debug|Any CPU.ActiveCfg = Debug|Any CPU
		{74F4A70E-18F6-42C5-A450-6367C4186DAC}.Debug|Any CPU.Build.0 = Debug|Any CPU
		{74F4A70E-18F6-42C5-A450-6367C4186DAC}.Debug|x64.ActiveCfg = Debug|Any CPU
		{74F4A70E-18F6-42C5-A450-6367C4186DAC}.Debug|x64.Build.0 = Debug|Any CPU
		{74F4A70E-18F6-42C5-A450-6367C4186DAC}.Debug|x86.ActiveCfg = Debug|Any CPU
		{74F4A70E-18F6-42C5-A450-6367C4186DAC}.Debug|x86.Build.0 = Debug|Any CPU
		{74F4A70E-18F6-42C5-A450-6367C4186DAC}.Release|Any CPU.ActiveCfg = Release|Any CPU
		{74F4A70E-18F6-42C5-A450-6367C4186DAC}.Release|Any CPU.Build.0 = Release|Any CPU
		{74F4A70E-18F6-42C5-A450-6367C4186DAC}.Release|x64.ActiveCfg = Release|Any CPU
		{74F4A70E-18F6-42C5-A450-6367C4186DAC}.Release|x64.Build.0 = Release|Any CPU
		{74F4A70E-18F6-42C5-A450-6367C4186DAC}.Release|x86.ActiveCfg = Release|Any CPU
		{74F4A70E-18F6-42C5-A450-6367C4186DAC}.Release|x86.Build.0 = Release|Any CPU
		{DFB0092E-916F-4679-9859-75FD80D0EDA2}.Debug|Any CPU.ActiveCfg = Debug|Any CPU
		{DFB0092E-916F-4679-9859-75FD80D0EDA2}.Debug|Any CPU.Build.0 = Debug|Any CPU
		{DFB0092E-916F-4679-9859-75FD80D0EDA2}.Debug|x64.ActiveCfg = Debug|Any CPU
		{DFB0092E-916F-4679-9859-75FD80D0EDA2}.Debug|x64.Build.0 = Debug|Any CPU
		{DFB0092E-916F-4679-9859-75FD80D0EDA2}.Debug|x86.ActiveCfg = Debug|Any CPU
		{DFB0092E-916F-4679-9859-75FD80D0EDA2}.Debug|x86.Build.0 = Debug|Any CPU
		{DFB0092E-916F-4679-9859-75FD80D0EDA2}.Release|Any CPU.ActiveCfg = Release|Any CPU
		{DFB0092E-916F-4679-9859-75FD80D0EDA2}.Release|Any CPU.Build.0 = Release|Any CPU
		{DFB0092E-916F-4679-9859-75FD80D0EDA2}.Release|x64.ActiveCfg = Release|Any CPU
		{DFB0092E-916F-4679-9859-75FD80D0EDA2}.Release|x64.Build.0 = Release|Any CPU
		{DFB0092E-916F-4679-9859-75FD80D0EDA2}.Release|x86.ActiveCfg = Release|Any CPU
		{DFB0092E-916F-4679-9859-75FD80D0EDA2}.Release|x86.Build.0 = Release|Any CPU
		{98F91DA8-CC36-4B80-9BEF-ECC1D5C0C1B7}.Debug|Any CPU.ActiveCfg = Debug|Any CPU
		{98F91DA8-CC36-4B80-9BEF-ECC1D5C0C1B7}.Debug|Any CPU.Build.0 = Debug|Any CPU
		{98F91DA8-CC36-4B80-9BEF-ECC1D5C0C1B7}.Debug|x64.ActiveCfg = Debug|Any CPU
		{98F91DA8-CC36-4B80-9BEF-ECC1D5C0C1B7}.Debug|x64.Build.0 = Debug|Any CPU
		{98F91DA8-CC36-4B80-9BEF-ECC1D5C0C1B7}.Debug|x86.ActiveCfg = Debug|Any CPU
		{98F91DA8-CC36-4B80-9BEF-ECC1D5C0C1B7}.Debug|x86.Build.0 = Debug|Any CPU
		{98F91DA8-CC36-4B80-9BEF-ECC1D5C0C1B7}.Release|Any CPU.ActiveCfg = Release|Any CPU
		{98F91DA8-CC36-4B80-9BEF-ECC1D5C0C1B7}.Release|Any CPU.Build.0 = Release|Any CPU
		{98F91DA8-CC36-4B80-9BEF-ECC1D5C0C1B7}.Release|x64.ActiveCfg = Release|Any CPU
		{98F91DA8-CC36-4B80-9BEF-ECC1D5C0C1B7}.Release|x64.Build.0 = Release|Any CPU
		{98F91DA8-CC36-4B80-9BEF-ECC1D5C0C1B7}.Release|x86.ActiveCfg = Release|Any CPU
		{98F91DA8-CC36-4B80-9BEF-ECC1D5C0C1B7}.Release|x86.Build.0 = Release|Any CPU
		{69057641-B935-4CE7-BA12-3FE3B3BD071A}.Debug|Any CPU.ActiveCfg = Debug|Any CPU
		{69057641-B935-4CE7-BA12-3FE3B3BD071A}.Debug|Any CPU.Build.0 = Debug|Any CPU
		{69057641-B935-4CE7-BA12-3FE3B3BD071A}.Debug|x64.ActiveCfg = Debug|Any CPU
		{69057641-B935-4CE7-BA12-3FE3B3BD071A}.Debug|x64.Build.0 = Debug|Any CPU
		{69057641-B935-4CE7-BA12-3FE3B3BD071A}.Debug|x86.ActiveCfg = Debug|Any CPU
		{69057641-B935-4CE7-BA12-3FE3B3BD071A}.Debug|x86.Build.0 = Debug|Any CPU
		{69057641-B935-4CE7-BA12-3FE3B3BD071A}.Release|Any CPU.ActiveCfg = Release|Any CPU
		{69057641-B935-4CE7-BA12-3FE3B3BD071A}.Release|Any CPU.Build.0 = Release|Any CPU
		{69057641-B935-4CE7-BA12-3FE3B3BD071A}.Release|x64.ActiveCfg = Release|Any CPU
		{69057641-B935-4CE7-BA12-3FE3B3BD071A}.Release|x64.Build.0 = Release|Any CPU
		{69057641-B935-4CE7-BA12-3FE3B3BD071A}.Release|x86.ActiveCfg = Release|Any CPU
		{69057641-B935-4CE7-BA12-3FE3B3BD071A}.Release|x86.Build.0 = Release|Any CPU
		{9C1F7028-5949-4763-879B-FE02A2FAD3F0}.Debug|Any CPU.ActiveCfg = Debug|Any CPU
		{9C1F7028-5949-4763-879B-FE02A2FAD3F0}.Debug|Any CPU.Build.0 = Debug|Any CPU
		{9C1F7028-5949-4763-879B-FE02A2FAD3F0}.Debug|x64.ActiveCfg = Debug|Any CPU
		{9C1F7028-5949-4763-879B-FE02A2FAD3F0}.Debug|x64.Build.0 = Debug|Any CPU
		{9C1F7028-5949-4763-879B-FE02A2FAD3F0}.Debug|x86.ActiveCfg = Debug|Any CPU
		{9C1F7028-5949-4763-879B-FE02A2FAD3F0}.Debug|x86.Build.0 = Debug|Any CPU
		{9C1F7028-5949-4763-879B-FE02A2FAD3F0}.Release|Any CPU.ActiveCfg = Release|Any CPU
		{9C1F7028-5949-4763-879B-FE02A2FAD3F0}.Release|Any CPU.Build.0 = Release|Any CPU
		{9C1F7028-5949-4763-879B-FE02A2FAD3F0}.Release|x64.ActiveCfg = Release|Any CPU
		{9C1F7028-5949-4763-879B-FE02A2FAD3F0}.Release|x64.Build.0 = Release|Any CPU
		{9C1F7028-5949-4763-879B-FE02A2FAD3F0}.Release|x86.ActiveCfg = Release|Any CPU
		{9C1F7028-5949-4763-879B-FE02A2FAD3F0}.Release|x86.Build.0 = Release|Any CPU
		{92B6189A-555B-4D43-AF88-51D248FC258A}.Debug|Any CPU.ActiveCfg = Debug|Any CPU
		{92B6189A-555B-4D43-AF88-51D248FC258A}.Debug|Any CPU.Build.0 = Debug|Any CPU
		{92B6189A-555B-4D43-AF88-51D248FC258A}.Debug|x64.ActiveCfg = Debug|Any CPU
		{92B6189A-555B-4D43-AF88-51D248FC258A}.Debug|x64.Build.0 = Debug|Any CPU
		{92B6189A-555B-4D43-AF88-51D248FC258A}.Debug|x86.ActiveCfg = Debug|Any CPU
		{92B6189A-555B-4D43-AF88-51D248FC258A}.Debug|x86.Build.0 = Debug|Any CPU
		{92B6189A-555B-4D43-AF88-51D248FC258A}.Release|Any CPU.ActiveCfg = Release|Any CPU
		{92B6189A-555B-4D43-AF88-51D248FC258A}.Release|Any CPU.Build.0 = Release|Any CPU
		{92B6189A-555B-4D43-AF88-51D248FC258A}.Release|x64.ActiveCfg = Release|Any CPU
		{92B6189A-555B-4D43-AF88-51D248FC258A}.Release|x64.Build.0 = Release|Any CPU
		{92B6189A-555B-4D43-AF88-51D248FC258A}.Release|x86.ActiveCfg = Release|Any CPU
		{92B6189A-555B-4D43-AF88-51D248FC258A}.Release|x86.Build.0 = Release|Any CPU
		{52B1DA8E-BC6F-429E-9810-4D49700D6C53}.Debug|Any CPU.ActiveCfg = Debug|Any CPU
		{52B1DA8E-BC6F-429E-9810-4D49700D6C53}.Debug|Any CPU.Build.0 = Debug|Any CPU
		{52B1DA8E-BC6F-429E-9810-4D49700D6C53}.Debug|x64.ActiveCfg = Debug|Any CPU
		{52B1DA8E-BC6F-429E-9810-4D49700D6C53}.Debug|x64.Build.0 = Debug|Any CPU
		{52B1DA8E-BC6F-429E-9810-4D49700D6C53}.Debug|x86.ActiveCfg = Debug|Any CPU
		{52B1DA8E-BC6F-429E-9810-4D49700D6C53}.Debug|x86.Build.0 = Debug|Any CPU
		{52B1DA8E-BC6F-429E-9810-4D49700D6C53}.Release|Any CPU.ActiveCfg = Release|Any CPU
		{52B1DA8E-BC6F-429E-9810-4D49700D6C53}.Release|Any CPU.Build.0 = Release|Any CPU
		{52B1DA8E-BC6F-429E-9810-4D49700D6C53}.Release|x64.ActiveCfg = Release|Any CPU
		{52B1DA8E-BC6F-429E-9810-4D49700D6C53}.Release|x64.Build.0 = Release|Any CPU
		{52B1DA8E-BC6F-429E-9810-4D49700D6C53}.Release|x86.ActiveCfg = Release|Any CPU
		{52B1DA8E-BC6F-429E-9810-4D49700D6C53}.Release|x86.Build.0 = Release|Any CPU
	EndGlobalSection
EndGlobal
